
Microsoft Visual Studio Solution File, Format Version 12.00
# Visual Studio Version 17
VisualStudioVersion = 17.11.35327.3
MinimumVisualStudioVersion = 10.0.40219.1
Project("{2150E333-8FDC-42A3-9474-1A3956D46DE8}") = "src", "src", "{FE089884-D3A0-440C-BB9E-E3631C20A60C}"
EndProject
Project("{2150E333-8FDC-42A3-9474-1A3956D46DE8}") = "services", "services", "{7284C8FF-77F1-4B58-8FD7-4D6F200C97FE}"
EndProject
Project("{2150E333-8FDC-42A3-9474-1A3956D46DE8}") = "catalog", "catalog", "{152612A4-BF3C-4EC1-8A61-26009BB697C6}"
EndProject
Project("{FAE04EC0-301F-11D3-BF4B-00C04F79EFBC}") = "MicroServices.Catalog.Api", "MicroServices.Catalog.Api\MicroServices.Catalog.Api.csproj", "{3B0FF4C8-3AE5-4321-A86B-99B88735858F}"
EndProject
Project("{E53339B2-1760-4266-BCC7-CA923CBCF16C}") = "docker-compose", "docker-compose.dcproj", "{7AA93F4E-CB10-44C3-BC62-5F02E80F8D74}"
EndProject
Project("{2150E333-8FDC-42A3-9474-1A3956D46DE8}") = "shared", "shared", "{74CD1B8F-B179-4A4C-A186-3AA3CFD97BB3}"
EndProject
Project("{FAE04EC0-301F-11D3-BF4B-00C04F79EFBC}") = "MicroServices.Shared", "MicroServices.Shared\MicroServices.Shared.csproj", "{5AF66EA2-234B-4741-82DD-0E9F036CB72E}"
EndProject
Project("{2150E333-8FDC-42A3-9474-1A3956D46DE8}") = "basket", "basket", "{E24DE5AD-832C-4174-96FC-B748B958C70C}"
EndProject
Project("{FAE04EC0-301F-11D3-BF4B-00C04F79EFBC}") = "MicroServices.Basket.Api", "MicroServices.Basket.Api\MicroServices.Basket.Api.csproj", "{44A7A7C5-27C1-4A4F-91B7-B0C38C240500}"
EndProject
Project("{2150E333-8FDC-42A3-9474-1A3956D46DE8}") = "discount", "discount", "{68A6EBAE-7E78-4E37-89E5-9D5DF994B91B}"
EndProject
Project("{FAE04EC0-301F-11D3-BF4B-00C04F79EFBC}") = "MicroServices.Discount.Api", "MicroServices.Discount.Api\MicroServices.Discount.Api.csproj", "{92467355-A768-4842-8EA2-047BC6DF5909}"
EndProject
Project("{2150E333-8FDC-42A3-9474-1A3956D46DE8}") = "file", "file", "{C7827AFA-5F92-4B47-8520-149360D918E6}"
EndProject
Project("{FAE04EC0-301F-11D3-BF4B-00C04F79EFBC}") = "MicroServices.File.Api", "MicroServices.File.Api\MicroServices.File.Api.csproj", "{CA6F042B-FCC4-4759-BAC2-435CEAF67579}"
EndProject
Project("{2150E333-8FDC-42A3-9474-1A3956D46DE8}") = "order", "order", "{D19D2241-859D-440B-BB77-A3ACC1136237}"
EndProject
Project("{2150E333-8FDC-42A3-9474-1A3956D46DE8}") = "api", "api", "{8F43502F-ADA1-4D8E-AE6C-D83D3A889F16}"
EndProject
Project("{2150E333-8FDC-42A3-9474-1A3956D46DE8}") = "core", "core", "{3EBE90AF-01A7-4FD6-A3F0-98B5620DF9A0}"
EndProject
Project("{2150E333-8FDC-42A3-9474-1A3956D46DE8}") = "infrastructure", "infrastructure", "{9A1EB58B-AFF3-4481-A9B4-6B4EE4BC35CE}"
EndProject
Project("{FAE04EC0-301F-11D3-BF4B-00C04F79EFBC}") = "MicroServices.Order.Api", "MicroServices.Order.Api\MicroServices.Order.Api.csproj", "{76F58177-3108-4449-A561-6320413EBEB6}"
EndProject
Project("{FAE04EC0-301F-11D3-BF4B-00C04F79EFBC}") = "MicroServices.Order.Domain", "MicroServices.Order.Domain\MicroServices.Order.Domain.csproj", "{1F1CE3C8-FEFB-4EA0-A0D5-A5D6077F744A}"
EndProject
Project("{FAE04EC0-301F-11D3-BF4B-00C04F79EFBC}") = "MicroServices.Order.Application", "MicroServices.Order.Application\MicroServices.Order.Application.csproj", "{2B0B21DD-C854-4C8A-8A6A-D1796B2A4E4D}"
EndProject
Project("{FAE04EC0-301F-11D3-BF4B-00C04F79EFBC}") = "MicroServices.Order.Persistence", "MicroServices.Order.Persistence\MicroServices.Order.Persistence.csproj", "{D602128E-A3FD-484B-943F-78FAC884132E}"
EndProject
Global
	GlobalSection(SolutionConfigurationPlatforms) = preSolution
		Debug|Any CPU = Debug|Any CPU
		Release|Any CPU = Release|Any CPU
	EndGlobalSection
	GlobalSection(ProjectConfigurationPlatforms) = postSolution
		{3B0FF4C8-3AE5-4321-A86B-99B88735858F}.Debug|Any CPU.ActiveCfg = Debug|Any CPU
		{3B0FF4C8-3AE5-4321-A86B-99B88735858F}.Debug|Any CPU.Build.0 = Debug|Any CPU
		{3B0FF4C8-3AE5-4321-A86B-99B88735858F}.Release|Any CPU.ActiveCfg = Release|Any CPU
		{3B0FF4C8-3AE5-4321-A86B-99B88735858F}.Release|Any CPU.Build.0 = Release|Any CPU
		{7AA93F4E-CB10-44C3-BC62-5F02E80F8D74}.Debug|Any CPU.ActiveCfg = Debug|Any CPU
		{7AA93F4E-CB10-44C3-BC62-5F02E80F8D74}.Debug|Any CPU.Build.0 = Debug|Any CPU
		{7AA93F4E-CB10-44C3-BC62-5F02E80F8D74}.Release|Any CPU.ActiveCfg = Release|Any CPU
		{7AA93F4E-CB10-44C3-BC62-5F02E80F8D74}.Release|Any CPU.Build.0 = Release|Any CPU
		{5AF66EA2-234B-4741-82DD-0E9F036CB72E}.Debug|Any CPU.ActiveCfg = Debug|Any CPU
		{5AF66EA2-234B-4741-82DD-0E9F036CB72E}.Debug|Any CPU.Build.0 = Debug|Any CPU
		{5AF66EA2-234B-4741-82DD-0E9F036CB72E}.Release|Any CPU.ActiveCfg = Release|Any CPU
		{5AF66EA2-234B-4741-82DD-0E9F036CB72E}.Release|Any CPU.Build.0 = Release|Any CPU
		{44A7A7C5-27C1-4A4F-91B7-B0C38C240500}.Debug|Any CPU.ActiveCfg = Debug|Any CPU
		{44A7A7C5-27C1-4A4F-91B7-B0C38C240500}.Debug|Any CPU.Build.0 = Debug|Any CPU
		{44A7A7C5-27C1-4A4F-91B7-B0C38C240500}.Release|Any CPU.ActiveCfg = Release|Any CPU
		{44A7A7C5-27C1-4A4F-91B7-B0C38C240500}.Release|Any CPU.Build.0 = Release|Any CPU
		{92467355-A768-4842-8EA2-047BC6DF5909}.Debug|Any CPU.ActiveCfg = Debug|Any CPU
		{92467355-A768-4842-8EA2-047BC6DF5909}.Debug|Any CPU.Build.0 = Debug|Any CPU
		{92467355-A768-4842-8EA2-047BC6DF5909}.Release|Any CPU.ActiveCfg = Release|Any CPU
		{92467355-A768-4842-8EA2-047BC6DF5909}.Release|Any CPU.Build.0 = Release|Any CPU
		{CA6F042B-FCC4-4759-BAC2-435CEAF67579}.Debug|Any CPU.ActiveCfg = Debug|Any CPU
		{CA6F042B-FCC4-4759-BAC2-435CEAF67579}.Debug|Any CPU.Build.0 = Debug|Any CPU
		{CA6F042B-FCC4-4759-BAC2-435CEAF67579}.Release|Any CPU.ActiveCfg = Release|Any CPU
		{CA6F042B-FCC4-4759-BAC2-435CEAF67579}.Release|Any CPU.Build.0 = Release|Any CPU
		{76F58177-3108-4449-A561-6320413EBEB6}.Debug|Any CPU.ActiveCfg = Debug|Any CPU
		{76F58177-3108-4449-A561-6320413EBEB6}.Debug|Any CPU.Build.0 = Debug|Any CPU
		{76F58177-3108-4449-A561-6320413EBEB6}.Release|Any CPU.ActiveCfg = Release|Any CPU
		{76F58177-3108-4449-A561-6320413EBEB6}.Release|Any CPU.Build.0 = Release|Any CPU
		{1F1CE3C8-FEFB-4EA0-A0D5-A5D6077F744A}.Debug|Any CPU.ActiveCfg = Debug|Any CPU
		{1F1CE3C8-FEFB-4EA0-A0D5-A5D6077F744A}.Debug|Any CPU.Build.0 = Debug|Any CPU
		{1F1CE3C8-FEFB-4EA0-A0D5-A5D6077F744A}.Release|Any CPU.ActiveCfg = Release|Any CPU
		{1F1CE3C8-FEFB-4EA0-A0D5-A5D6077F744A}.Release|Any CPU.Build.0 = Release|Any CPU
		{2B0B21DD-C854-4C8A-8A6A-D1796B2A4E4D}.Debug|Any CPU.ActiveCfg = Debug|Any CPU
		{2B0B21DD-C854-4C8A-8A6A-D1796B2A4E4D}.Debug|Any CPU.Build.0 = Debug|Any CPU
		{2B0B21DD-C854-4C8A-8A6A-D1796B2A4E4D}.Release|Any CPU.ActiveCfg = Release|Any CPU
		{2B0B21DD-C854-4C8A-8A6A-D1796B2A4E4D}.Release|Any CPU.Build.0 = Release|Any CPU
		{D602128E-A3FD-484B-943F-78FAC884132E}.Debug|Any CPU.ActiveCfg = Debug|Any CPU
		{D602128E-A3FD-484B-943F-78FAC884132E}.Debug|Any CPU.Build.0 = Debug|Any CPU
		{D602128E-A3FD-484B-943F-78FAC884132E}.Release|Any CPU.ActiveCfg = Release|Any CPU
		{D602128E-A3FD-484B-943F-78FAC884132E}.Release|Any CPU.Build.0 = Release|Any CPU
	EndGlobalSection
	GlobalSection(SolutionProperties) = preSolution
		HideSolutionNode = FALSE
	EndGlobalSection
	GlobalSection(NestedProjects) = preSolution
		{7284C8FF-77F1-4B58-8FD7-4D6F200C97FE} = {FE089884-D3A0-440C-BB9E-E3631C20A60C}
		{152612A4-BF3C-4EC1-8A61-26009BB697C6} = {7284C8FF-77F1-4B58-8FD7-4D6F200C97FE}
		{3B0FF4C8-3AE5-4321-A86B-99B88735858F} = {152612A4-BF3C-4EC1-8A61-26009BB697C6}
		{74CD1B8F-B179-4A4C-A186-3AA3CFD97BB3} = {7284C8FF-77F1-4B58-8FD7-4D6F200C97FE}
		{5AF66EA2-234B-4741-82DD-0E9F036CB72E} = {74CD1B8F-B179-4A4C-A186-3AA3CFD97BB3}
		{E24DE5AD-832C-4174-96FC-B748B958C70C} = {7284C8FF-77F1-4B58-8FD7-4D6F200C97FE}
		{44A7A7C5-27C1-4A4F-91B7-B0C38C240500} = {E24DE5AD-832C-4174-96FC-B748B958C70C}
		{68A6EBAE-7E78-4E37-89E5-9D5DF994B91B} = {7284C8FF-77F1-4B58-8FD7-4D6F200C97FE}
		{92467355-A768-4842-8EA2-047BC6DF5909} = {68A6EBAE-7E78-4E37-89E5-9D5DF994B91B}
		{C7827AFA-5F92-4B47-8520-149360D918E6} = {7284C8FF-77F1-4B58-8FD7-4D6F200C97FE}
		{CA6F042B-FCC4-4759-BAC2-435CEAF67579} = {C7827AFA-5F92-4B47-8520-149360D918E6}
		{D19D2241-859D-440B-BB77-A3ACC1136237} = {7284C8FF-77F1-4B58-8FD7-4D6F200C97FE}
		{8F43502F-ADA1-4D8E-AE6C-D83D3A889F16} = {D19D2241-859D-440B-BB77-A3ACC1136237}
		{3EBE90AF-01A7-4FD6-A3F0-98B5620DF9A0} = {D19D2241-859D-440B-BB77-A3ACC1136237}
		{9A1EB58B-AFF3-4481-A9B4-6B4EE4BC35CE} = {D19D2241-859D-440B-BB77-A3ACC1136237}
		{76F58177-3108-4449-A561-6320413EBEB6} = {8F43502F-ADA1-4D8E-AE6C-D83D3A889F16}
		{1F1CE3C8-FEFB-4EA0-A0D5-A5D6077F744A} = {3EBE90AF-01A7-4FD6-A3F0-98B5620DF9A0}
		{2B0B21DD-C854-4C8A-8A6A-D1796B2A4E4D} = {3EBE90AF-01A7-4FD6-A3F0-98B5620DF9A0}
		{D602128E-A3FD-484B-943F-78FAC884132E} = {9A1EB58B-AFF3-4481-A9B4-6B4EE4BC35CE}
	EndGlobalSection
	GlobalSection(ExtensibilityGlobals) = postSolution
		SolutionGuid = {03B74236-834F-45BC-A980-717FE8B2D257}
	EndGlobalSection
EndGlobal
